
Microsoft Visual Studio Solution File, Format Version 12.00
# Visual Studio Version 16
VisualStudioVersion = 16.0.33328.57
MinimumVisualStudioVersion = 10.0.40219.1
Project("{FAE04EC0-301F-11D3-BF4B-00C04F79EFBC}") = "MyFirstIntershipProject", "MyFirstIntershipProject\MyFirstIntershipProject.csproj", "{4B980699-D696-4089-B6CE-28AA97066F3A}"
EndProject
Global
	GlobalSection(SolutionConfigurationPlatforms) = preSolution
		Debug|Any CPU = Debug|Any CPU
		Release|Any CPU = Release|Any CPU
	EndGlobalSection
	GlobalSection(ProjectConfigurationPlatforms) = postSolution
		{4B980699-D696-4089-B6CE-28AA97066F3A}.Debug|Any CPU.ActiveCfg = Debug|Any CPU
		{4B980699-D696-4089-B6CE-28AA97066F3A}.Debug|Any CPU.Build.0 = Debug|Any CPU
		{4B980699-D696-4089-B6CE-28AA97066F3A}.Release|Any CPU.ActiveCfg = Release|Any CPU
		{4B980699-D696-4089-B6CE-28AA97066F3A}.Release|Any CPU.Build.0 = Release|Any CPU
	EndGlobalSection
	GlobalSection(SolutionProperties) = preSolution
		HideSolutionNode = FALSE
	EndGlobalSection
	GlobalSection(ExtensibilityGlobals) = postSolution
		SolutionGuid = {8C4BEC61-0C01-4752-BCF3-DDA52EC9A5CC}
	EndGlobalSection
EndGlobal
